
Microsoft Visual Studio Solution File, Format Version 12.00
# Visual Studio 15
VisualStudioVersion = 15.0.27130.2010
MinimumVisualStudioVersion = 10.0.40219.1
Project("{FAE04EC0-301F-11D3-BF4B-00C04F79EFBC}") = "HelpDeskTicketingApp", "HelpDeskTicketingApp\HelpDeskTicketingApp.csproj", "{5A6D4B5B-0148-42CB-A124-BC21A49B2392}"
EndProject
Global
	GlobalSection(SolutionConfigurationPlatforms) = preSolution
		Debug|Any CPU = Debug|Any CPU
		Release|Any CPU = Release|Any CPU
	EndGlobalSection
	GlobalSection(ProjectConfigurationPlatforms) = postSolution
		{5A6D4B5B-0148-42CB-A124-BC21A49B2392}.Debug|Any CPU.ActiveCfg = Debug|Any CPU
		{5A6D4B5B-0148-42CB-A124-BC21A49B2392}.Debug|Any CPU.Build.0 = Debug|Any CPU
		{5A6D4B5B-0148-42CB-A124-BC21A49B2392}.Release|Any CPU.ActiveCfg = Release|Any CPU
		{5A6D4B5B-0148-42CB-A124-BC21A49B2392}.Release|Any CPU.Build.0 = Release|Any CPU
	EndGlobalSection
	GlobalSection(SolutionProperties) = preSolution
		HideSolutionNode = FALSE
	EndGlobalSection
	GlobalSection(ExtensibilityGlobals) = postSolution
		SolutionGuid = {10AA4D59-70A2-4099-8AB6-4DDAD71BFD8D}
	EndGlobalSection
EndGlobal
